
Microsoft Visual Studio Solution File, Format Version 12.00
# Visual Studio 14
VisualStudioVersion = 14.0.23107.0
MinimumVisualStudioVersion = 10.0.40219.1
Project("{FAE04EC0-301F-11D3-BF4B-00C04F79EFBC}") = "ProgrammingProblems.DataStructures", "DataStructures\ProgrammingProblems.DataStructures.csproj", "{8A6B4DC4-EA23-40D7-A144-15F9C871A4A8}"
EndProject
Project("{FAE04EC0-301F-11D3-BF4B-00C04F79EFBC}") = "ProgrammingProblems.Windows", "Windows\ProgrammingProblems.Windows.csproj", "{C83AF0CD-074F-430B-BAD3-FDA7957B2C85}"
EndProject
Project("{FAE04EC0-301F-11D3-BF4B-00C04F79EFBC}") = "ProgrammingProblems.ConsoleApp", "ConsoleApp\ProgrammingProblems.ConsoleApp.csproj", "{3BCD5929-1CF0-46E6-8E8F-E76517E188D1}"
EndProject
Project("{FAE04EC0-301F-11D3-BF4B-00C04F79EFBC}") = "ProgrammingProblems.Algorithms", "Algorithms\ProgrammingProblems.Algorithms.csproj", "{7AE246F8-5587-4F68-AA4B-85967A81B045}"
EndProject
Project("{FAE04EC0-301F-11D3-BF4B-00C04F79EFBC}") = "ProgrammingProblems.Test", "Tests\ProgrammingProblems.Test.csproj", "{06A50338-E77B-4C94-861A-28ED23ADFF32}"
EndProject
Global
	GlobalSection(SolutionConfigurationPlatforms) = preSolution
		Debug|Any CPU = Debug|Any CPU
		Release|Any CPU = Release|Any CPU
	EndGlobalSection
	GlobalSection(ProjectConfigurationPlatforms) = postSolution
		{8A6B4DC4-EA23-40D7-A144-15F9C871A4A8}.Debug|Any CPU.ActiveCfg = Debug|Any CPU
		{8A6B4DC4-EA23-40D7-A144-15F9C871A4A8}.Debug|Any CPU.Build.0 = Debug|Any CPU
		{8A6B4DC4-EA23-40D7-A144-15F9C871A4A8}.Release|Any CPU.ActiveCfg = Release|Any CPU
		{8A6B4DC4-EA23-40D7-A144-15F9C871A4A8}.Release|Any CPU.Build.0 = Release|Any CPU
		{C83AF0CD-074F-430B-BAD3-FDA7957B2C85}.Debug|Any CPU.ActiveCfg = Debug|Any CPU
		{C83AF0CD-074F-430B-BAD3-FDA7957B2C85}.Debug|Any CPU.Build.0 = Debug|Any CPU
		{C83AF0CD-074F-430B-BAD3-FDA7957B2C85}.Release|Any CPU.ActiveCfg = Release|Any CPU
		{C83AF0CD-074F-430B-BAD3-FDA7957B2C85}.Release|Any CPU.Build.0 = Release|Any CPU
		{3BCD5929-1CF0-46E6-8E8F-E76517E188D1}.Debug|Any CPU.ActiveCfg = Debug|Any CPU
		{3BCD5929-1CF0-46E6-8E8F-E76517E188D1}.Debug|Any CPU.Build.0 = Debug|Any CPU
		{3BCD5929-1CF0-46E6-8E8F-E76517E188D1}.Release|Any CPU.ActiveCfg = Release|Any CPU
		{3BCD5929-1CF0-46E6-8E8F-E76517E188D1}.Release|Any CPU.Build.0 = Release|Any CPU
		{7AE246F8-5587-4F68-AA4B-85967A81B045}.Debug|Any CPU.ActiveCfg = Debug|Any CPU
		{7AE246F8-5587-4F68-AA4B-85967A81B045}.Debug|Any CPU.Build.0 = Debug|Any CPU
		{7AE246F8-5587-4F68-AA4B-85967A81B045}.Release|Any CPU.ActiveCfg = Release|Any CPU
		{7AE246F8-5587-4F68-AA4B-85967A81B045}.Release|Any CPU.Build.0 = Release|Any CPU
		{06A50338-E77B-4C94-861A-28ED23ADFF32}.Debug|Any CPU.ActiveCfg = Debug|Any CPU
		{06A50338-E77B-4C94-861A-28ED23ADFF32}.Debug|Any CPU.Build.0 = Debug|Any CPU
		{06A50338-E77B-4C94-861A-28ED23ADFF32}.Release|Any CPU.ActiveCfg = Release|Any CPU
		{06A50338-E77B-4C94-861A-28ED23ADFF32}.Release|Any CPU.Build.0 = Release|Any CPU
	EndGlobalSection
	GlobalSection(SolutionProperties) = preSolution
		HideSolutionNode = FALSE
	EndGlobalSection
EndGlobal
